dependencies:
  chalk: 4.1.0
  ini: 1.3.8
devDependencies:
  '@types/ini': 1.3.30
  '@types/node': 14.14.25
  typescript: 4.1.4
lockfileVersion: 5.2
packages:
  /@types/ini/1.3.30:
    dev: true
    resolution:
      integrity: sha1-0UhUWcn62E6TdBS4MqKttknqs3k=
      tarball: '@types/ini/download/@types/ini-1.3.30.tgz'
  /@types/node/14.14.25:
    dev: true
    resolution:
      integrity: sha1-FZZ6e1d/+BOD+biIqmcF1D+7rpM=
      tarball: '@types/node/download/@types/node-14.14.25.tgz'
  /ansi-styles/4.3.0:
    dependencies:
      color-convert: 2.0.1
    dev: false
    engines:
      node: '>=8'
    resolution:
      integrity: sha1-7dgDYornHATIWuegkG7a00tkiTc=
      tarball: ansi-styles/download/ansi-styles-4.3.0.tgz
  /chalk/4.1.0:
    dependencies:
      ansi-styles: 4.3.0
      supports-color: 7.2.0
    dev: false
    engines:
      node: '>=10'
    resolution:
      integrity: sha1-ThSHCmGNni7dl92DRf2dncMVZGo=
      tarball: chalk/download/chalk-4.1.0.tgz
  /color-convert/2.0.1:
    dependencies:
      color-name: 1.1.4
    dev: false
    engines:
      node: '>=7.0.0'
    resolution:
      integrity: sha1-ctOmjVmMm9s68q0ehPIdiWq9TeM=
      tarball: color-convert/download/color-convert-2.0.1.tgz
  /color-name/1.1.4:
    dev: false
    resolution:
      integrity: sha1-wqCah6y95pVD3m9j+jmVyCbFNqI=
      tarball: color-name/download/color-name-1.1.4.tgz
  /has-flag/4.0.0:
    dev: false
    engines:
      node: '>=8'
    resolution:
      integrity: sha1-lEdx/ZyByBJlxNaUGGDaBrtZR5s=
      tarball: has-flag/download/has-flag-4.0.0.tgz
  /ini/1.3.8:
    dev: false
    resolution:
      integrity: sha1-op2kJbSIBvNHZ6Tvzjlyaa8oQyw=
      tarball: ini/download/ini-1.3.8.tgz
  /supports-color/7.2.0:
    dependencies:
      has-flag: 4.0.0
    dev: false
    engines:
      node: '>=8'
    resolution:
      integrity: sha1-G33NyzK4E4gBs+R4umpRyqiWSNo=
      tarball: supports-color/download/supports-color-7.2.0.tgz
  /typescript/4.1.4:
    dev: true
    engines:
      node: '>=4.2.0'
    hasBin: true
    resolution:
      integrity: sha1-8Fhjbi9Pg/lN2q4Hsg/V4UWYQy8=
      tarball: typescript/download/typescript-4.1.4.tgz
specifiers:
  '@types/ini': ^1.3.30
  '@types/node': ^14.0.20
  chalk: ^4.1.0
  ini: ^1.3.5
  typescript: ^4.1.3
